
Microsoft Visual Studio Solution File, Format Version 12.00
# Visual Studio 15
VisualStudioVersion = 15.0.26403.7
MinimumVisualStudioVersion = 10.0.40219.1
Project("{FAE04EC0-301F-11D3-BF4B-00C04F79EFBC}") = "ScrapeLibrary", "D:\Tashfeen\DevOps Training Material\C# Projects\ScrapeLibrary\ScrapeLibrary.csproj", "{60AEF1B6-4C07-4ED1-9F0B-F4B7E6ACEE5A}"
EndProject
Project("{FAE04EC0-301F-11D3-BF4B-00C04F79EFBC}") = "ScrapeClient", "ScrapeClient\ScrapeClient.csproj", "{FFD505B6-D272-436D-8B7B-5C0025037A5E}"
EndProject
Global
	GlobalSection(SolutionConfigurationPlatforms) = preSolution
		Debug|Any CPU = Debug|Any CPU
		Release|Any CPU = Release|Any CPU
	EndGlobalSection
	GlobalSection(ProjectConfigurationPlatforms) = postSolution
		{60AEF1B6-4C07-4ED1-9F0B-F4B7E6ACEE5A}.Debug|Any CPU.ActiveCfg = Debug|Any CPU
		{60AEF1B6-4C07-4ED1-9F0B-F4B7E6ACEE5A}.Debug|Any CPU.Build.0 = Debug|Any CPU
		{60AEF1B6-4C07-4ED1-9F0B-F4B7E6ACEE5A}.Release|Any CPU.ActiveCfg = Release|Any CPU
		{60AEF1B6-4C07-4ED1-9F0B-F4B7E6ACEE5A}.Release|Any CPU.Build.0 = Release|Any CPU
		{FFD505B6-D272-436D-8B7B-5C0025037A5E}.Debug|Any CPU.ActiveCfg = Debug|Any CPU
		{FFD505B6-D272-436D-8B7B-5C0025037A5E}.Debug|Any CPU.Build.0 = Debug|Any CPU
		{FFD505B6-D272-436D-8B7B-5C0025037A5E}.Release|Any CPU.ActiveCfg = Release|Any CPU
		{FFD505B6-D272-436D-8B7B-5C0025037A5E}.Release|Any CPU.Build.0 = Release|Any CPU
	EndGlobalSection
	GlobalSection(SolutionProperties) = preSolution
		HideSolutionNode = FALSE
	EndGlobalSection
EndGlobal
